
Microsoft Visual Studio Solution File, Format Version 12.00
# Visual Studio Version 17
VisualStudioVersion = 17.14.36203.30
MinimumVisualStudioVersion = 10.0.40219.1
Project("{FAE04EC0-301F-11D3-BF4B-00C04F79EFBC}") = "VersionGenerator", "VersionGenerator\VersionGenerator.csproj", "{9A6250A5-53FB-4339-BC0E-283BFCDF1ED4}"
EndProject
Global
	GlobalSection(SolutionConfigurationPlatforms) = preSolution
		Debug|Any CPU = Debug|Any CPU
		Release|Any CPU = Release|Any CPU
	EndGlobalSection
	GlobalSection(ProjectConfigurationPlatforms) = postSolution
		{9A6250A5-53FB-4339-BC0E-283BFCDF1ED4}.Debug|Any CPU.ActiveCfg = Debug|Any CPU
		{9A6250A5-53FB-4339-BC0E-283BFCDF1ED4}.Debug|Any CPU.Build.0 = Debug|Any CPU
		{9A6250A5-53FB-4339-BC0E-283BFCDF1ED4}.Release|Any CPU.ActiveCfg = Release|Any CPU
		{9A6250A5-53FB-4339-BC0E-283BFCDF1ED4}.Release|Any CPU.Build.0 = Release|Any CPU
	EndGlobalSection
	GlobalSection(SolutionProperties) = preSolution
		HideSolutionNode = FALSE
	EndGlobalSection
	GlobalSection(ExtensibilityGlobals) = postSolution
		SolutionGuid = {ABC7842C-062F-4486-B34F-184B48659F89}
	EndGlobalSection
EndGlobal
